
Microsoft Visual Studio Solution File, Format Version 12.00
# Visual Studio Version 17
VisualStudioVersion = 17.13.35818.85
MinimumVisualStudioVersion = 10.0.40219.1
Project("{FAE04EC0-301F-11D3-BF4B-00C04F79EFBC}") = "PBL4_Server", "PBL4_Server\PBL4_Server.csproj", "{EA8D3502-69BF-42A1-A53C-81BD0A06555F}"
EndProject
Project("{FAE04EC0-301F-11D3-BF4B-00C04F79EFBC}") = "PBL4_Cilent", "PBL4_Cilent\PBL4_Cilent.csproj", "{43244254-3778-41D8-9FD2-46965B0D5E2E}"
EndProject
Global
	GlobalSection(SolutionConfigurationPlatforms) = preSolution
		Debug|Any CPU = Debug|Any CPU
		Release|Any CPU = Release|Any CPU
	EndGlobalSection
	GlobalSection(ProjectConfigurationPlatforms) = postSolution
		{EA8D3502-69BF-42A1-A53C-81BD0A06555F}.Debug|Any CPU.ActiveCfg = Debug|Any CPU
		{EA8D3502-69BF-42A1-A53C-81BD0A06555F}.Debug|Any CPU.Build.0 = Debug|Any CPU
		{EA8D3502-69BF-42A1-A53C-81BD0A06555F}.Release|Any CPU.ActiveCfg = Release|Any CPU
		{EA8D3502-69BF-42A1-A53C-81BD0A06555F}.Release|Any CPU.Build.0 = Release|Any CPU
		{43244254-3778-41D8-9FD2-46965B0D5E2E}.Debug|Any CPU.ActiveCfg = Debug|Any CPU
		{43244254-3778-41D8-9FD2-46965B0D5E2E}.Debug|Any CPU.Build.0 = Debug|Any CPU
		{43244254-3778-41D8-9FD2-46965B0D5E2E}.Release|Any CPU.ActiveCfg = Release|Any CPU
		{43244254-3778-41D8-9FD2-46965B0D5E2E}.Release|Any CPU.Build.0 = Release|Any CPU
	EndGlobalSection
	GlobalSection(SolutionProperties) = preSolution
		HideSolutionNode = FALSE
	EndGlobalSection
	GlobalSection(ExtensibilityGlobals) = postSolution
		SolutionGuid = {D7D2E380-15FA-4465-9F78-885670AC8750}
	EndGlobalSection
EndGlobal
